{
  "name": "rollup-plugin-cleandir",
  "version": "0.0.1",
  "lockfileVersion": 1,
  "requires": true,
  "dependencies": {
    "@mstssk/cleandir": {
      "version": "1.0.1",
      "resolved": "https://registry.npmjs.org/@mstssk/cleandir/-/cleandir-1.0.1.tgz",
      "integrity": "sha512-ykHlgQ9EO6Yttyd1oH6zFoqI3XRb3h7MS/tVjJyoCI6jpaq+QtD5jdl/gYY1BNnG5zXBBmHN6qO8RsHS58oJJg=="
    },
    "typescript": {
      "version": "3.9.5",
      "resolved": "https://registry.npmjs.org/typescript/-/typescript-3.9.5.tgz",
      "integrity": "sha512-hSAifV3k+i6lEoCJ2k6R2Z/rp/H3+8sdmcn5NrS3/3kE7+RyZXm9aqvxWqjEXHAd8b0pShatpcdMTvEdvAJltQ==",
      "dev": true
    }
  }
}
